
Microsoft Visual Studio Solution File, Format Version 12.00
# Visual Studio 15
VisualStudioVersion = 15.0.28307.421
MinimumVisualStudioVersion = 10.0.40219.1
Project("{FAE04EC0-301F-11D3-BF4B-00C04F79EFBC}") = "App_ConsultarCep.Android", "App_ConsultarCep\App_ConsultarCep.Android\App_ConsultarCep.Android.csproj", "{8BA7260D-377D-49D3-AAB1-4220DF6010DC}"
EndProject
Project("{FAE04EC0-301F-11D3-BF4B-00C04F79EFBC}") = "App_ConsultarCep.iOS", "App_ConsultarCep\App_ConsultarCep.iOS\App_ConsultarCep.iOS.csproj", "{DB28DA45-4A60-455C-8059-0241D139AAA8}"
EndProject
Project("{FAE04EC0-301F-11D3-BF4B-00C04F79EFBC}") = "App_ConsultarCep.UWP", "App_ConsultarCep\App_ConsultarCep.UWP\App_ConsultarCep.UWP.csproj", "{8C8E05D3-A463-43CF-9428-F91DCFF9CEE6}"
EndProject
Project("{FAE04EC0-301F-11D3-BF4B-00C04F79EFBC}") = "App_ConsultarCep", "App_ConsultarCep\App_ConsultarCep\App_ConsultarCep.csproj", "{B78A2556-69CD-4D56-85A8-C3696402816B}"
EndProject
Global
	GlobalSection(SolutionConfigurationPlatforms) = preSolution
		Ad-Hoc|Any CPU = Ad-Hoc|Any CPU
		Ad-Hoc|ARM = Ad-Hoc|ARM
		Ad-Hoc|iPhone = Ad-Hoc|iPhone
		Ad-Hoc|iPhoneSimulator = Ad-Hoc|iPhoneSimulator
		Ad-Hoc|x64 = Ad-Hoc|x64
		Ad-Hoc|x86 = Ad-Hoc|x86
		AppStore|Any CPU = AppStore|Any CPU
		AppStore|ARM = AppStore|ARM
		AppStore|iPhone = AppStore|iPhone
		AppStore|iPhoneSimulator = AppStore|iPhoneSimulator
		AppStore|x64 = AppStore|x64
		AppStore|x86 = AppStore|x86
		Debug|Any CPU = Debug|Any CPU
		Debug|ARM = Debug|ARM
		Debug|iPhone = Debug|iPhone
		Debug|iPhoneSimulator = Debug|iPhoneSimulator
		Debug|x64 = Debug|x64
		Debug|x86 = Debug|x86
		Release|Any CPU = Release|Any CPU
		Release|ARM = Release|ARM
		Release|iPhone = Release|iPhone
		Release|iPhoneSimulator = Release|iPhoneSimulator
		Release|x64 = Release|x64
		Release|x86 = Release|x86
	EndGlobalSection
	GlobalSection(ProjectConfigurationPlatforms) = postSolution
		{8BA7260D-377D-49D3-AAB1-4220DF6010DC}.Ad-Hoc|Any CPU.ActiveCfg = Release|Any CPU
		{8BA7260D-377D-49D3-AAB1-4220DF6010DC}.Ad-Hoc|Any CPU.Build.0 = Release|Any CPU
		{8BA7260D-377D-49D3-AAB1-4220DF6010DC}.Ad-Hoc|Any CPU.Deploy.0 = Release|Any CPU
		{8BA7260D-377D-49D3-AAB1-4220DF6010DC}.Ad-Hoc|ARM.ActiveCfg = Release|Any CPU
		{8BA7260D-377D-49D3-AAB1-4220DF6010DC}.Ad-Hoc|ARM.Build.0 = Release|Any CPU
		{8BA7260D-377D-49D3-AAB1-4220DF6010DC}.Ad-Hoc|ARM.Deploy.0 = Release|Any CPU
		{8BA7260D-377D-49D3-AAB1-4220DF6010DC}.Ad-Hoc|iPhone.ActiveCfg = Release|Any CPU
		{8BA7260D-377D-49D3-AAB1-4220DF6010DC}.Ad-Hoc|iPhone.Build.0 = Release|Any CPU
		{8BA7260D-377D-49D3-AAB1-4220DF6010DC}.Ad-Hoc|iPhone.Deploy.0 = Release|Any CPU
		{8BA7260D-377D-49D3-AAB1-4220DF6010DC}.Ad-Hoc|iPhoneSimulator.ActiveCfg = Release|Any CPU
		{8BA7260D-377D-49D3-AAB1-4220DF6010DC}.Ad-Hoc|iPhoneSimulator.Build.0 = Release|Any CPU
		{8BA7260D-377D-49D3-AAB1-4220DF6010DC}.Ad-Hoc|iPhoneSimulator.Deploy.0 = Release|Any CPU
		{8BA7260D-377D-49D3-AAB1-4220DF6010DC}.Ad-Hoc|x64.ActiveCfg = Release|Any CPU
		{8BA7260D-377D-49D3-AAB1-4220DF6010DC}.Ad-Hoc|x64.Build.0 = Release|Any CPU
		{8BA7260D-377D-49D3-AAB1-4220DF6010DC}.Ad-Hoc|x64.Deploy.0 = Release|Any CPU
		{8BA7260D-377D-49D3-AAB1-4220DF6010DC}.Ad-Hoc|x86.ActiveCfg = Release|Any CPU
		{8BA7260D-377D-49D3-AAB1-4220DF6010DC}.Ad-Hoc|x86.Build.0 = Release|Any CPU
		{8BA7260D-377D-49D3-AAB1-4220DF6010DC}.Ad-Hoc|x86.Deploy.0 = Release|Any CPU
		{8BA7260D-377D-49D3-AAB1-4220DF6010DC}.AppStore|Any CPU.ActiveCfg = Release|Any CPU
		{8BA7260D-377D-49D3-AAB1-4220DF6010DC}.AppStore|Any CPU.Build.0 = Release|Any CPU
		{8BA7260D-377D-49D3-AAB1-4220DF6010DC}.AppStore|Any CPU.Deploy.0 = Release|Any CPU
		{8BA7260D-377D-49D3-AAB1-4220DF6010DC}.AppStore|ARM.ActiveCfg = Release|Any CPU
		{8BA7260D-377D-49D3-AAB1-4220DF6010DC}.AppStore|ARM.Build.0 = Release|Any CPU
		{8BA7260D-377D-49D3-AAB1-4220DF6010DC}.AppStore|ARM.Deploy.0 = Release|Any CPU
		{8BA7260D-377D-49D3-AAB1-4220DF6010DC}.AppStore|iPhone.ActiveCfg = Release|Any CPU
		{8BA7260D-377D-49D3-AAB1-4220DF6010DC}.AppStore|iPhone.Build.0 = Release|Any CPU
		{8BA7260D-377D-49D3-AAB1-4220DF6010DC}.AppStore|iPhone.Deploy.0 = Release|Any CPU
		{8BA7260D-377D-49D3-AAB1-4220DF6010DC}.AppStore|iPhoneSimulator.ActiveCfg = Release|Any CPU
		{8BA7260D-377D-49D3-AAB1-4220DF6010DC}.AppStore|iPhoneSimulator.Build.0 = Release|Any CPU
		{8BA7260D-377D-49D3-AAB1-4220DF6010DC}.AppStore|iPhoneSimulator.Deploy.0 = Release|Any CPU
		{8BA7260D-377D-49D3-AAB1-4220DF6010DC}.AppStore|x64.ActiveCfg = Release|Any CPU
		{8BA7260D-377D-49D3-AAB1-4220DF6010DC}.AppStore|x64.Build.0 = Release|Any CPU
		{8BA7260D-377D-49D3-AAB1-4220DF6010DC}.AppStore|x64.Deploy.0 = Release|Any CPU
		{8BA7260D-377D-49D3-AAB1-4220DF6010DC}.AppStore|x86.ActiveCfg = Release|Any CPU
		{8BA7260D-377D-49D3-AAB1-4220DF6010DC}.AppStore|x86.Build.0 = Release|Any CPU
		{8BA7260D-377D-49D3-AAB1-4220DF6010DC}.AppStore|x86.Deploy.0 = Release|Any CPU
		{8BA7260D-377D-49D3-AAB1-4220DF6010DC}.Debug|Any CPU.ActiveCfg = Debug|Any CPU
		{8BA7260D-377D-49D3-AAB1-4220DF6010DC}.Debug|Any CPU.Build.0 = Debug|Any CPU
		{8BA7260D-377D-49D3-AAB1-4220DF6010DC}.Debug|Any CPU.Deploy.0 = Debug|Any CPU
		{8BA7260D-377D-49D3-AAB1-4220DF6010DC}.Debug|ARM.ActiveCfg = Debug|Any CPU
		{8BA7260D-377D-49D3-AAB1-4220DF6010DC}.Debug|ARM.Build.0 = Debug|Any CPU
		{8BA7260D-377D-49D3-AAB1-4220DF6010DC}.Debug|ARM.Deploy.0 = Debug|Any CPU
		{8BA7260D-377D-49D3-AAB1-4220DF6010DC}.Debug|iPhone.ActiveCfg = Debug|Any CPU
		{8BA7260D-377D-49D3-AAB1-4220DF6010DC}.Debug|iPhone.Build.0 = Debug|Any CPU
		{8BA7260D-377D-49D3-AAB1-4220DF6010DC}.Debug|iPhone.Deploy.0 = Debug|Any CPU
		{8BA7260D-377D-49D3-AAB1-4220DF6010DC}.Debug|iPhoneSimulator.ActiveCfg = Debug|Any CPU
		{8BA7260D-377D-49D3-AAB1-4220DF6010DC}.Debug|iPhoneSimulator.Build.0 = Debug|Any CPU
		{8BA7260D-377D-49D3-AAB1-4220DF6010DC}.Debug|iPhoneSimulator.Deploy.0 = Debug|Any CPU
		{8BA7260D-377D-49D3-AAB1-4220DF6010DC}.Debug|x64.ActiveCfg = Debug|Any CPU
		{8BA7260D-377D-49D3-AAB1-4220DF6010DC}.Debug|x64.Build.0 = Debug|Any CPU
		{8BA7260D-377D-49D3-AAB1-4220DF6010DC}.Debug|x64.Deploy.0 = Debug|Any CPU
		{8BA7260D-377D-49D3-AAB1-4220DF6010DC}.Debug|x86.ActiveCfg = Debug|Any CPU
		{8BA7260D-377D-49D3-AAB1-4220DF6010DC}.Debug|x86.Build.0 = Debug|Any CPU
		{8BA7260D-377D-49D3-AAB1-4220DF6010DC}.Debug|x86.Deploy.0 = Debug|Any CPU
		{8BA7260D-377D-49D3-AAB1-4220DF6010DC}.Release|Any CPU.ActiveCfg = Release|Any CPU
		{8BA7260D-377D-49D3-AAB1-4220DF6010DC}.Release|Any CPU.Build.0 = Release|Any CPU
		{8BA7260D-377D-49D3-AAB1-4220DF6010DC}.Release|Any CPU.Deploy.0 = Release|Any CPU
		{8BA7260D-377D-49D3-AAB1-4220DF6010DC}.Release|ARM.ActiveCfg = Release|Any CPU
		{8BA7260D-377D-49D3-AAB1-4220DF6010DC}.Release|ARM.Build.0 = Release|Any CPU
		{8BA7260D-377D-49D3-AAB1-4220DF6010DC}.Release|ARM.Deploy.0 = Release|Any CPU
		{8BA7260D-377D-49D3-AAB1-4220DF6010DC}.Release|iPhone.ActiveCfg = Release|Any CPU
		{8BA7260D-377D-49D3-AAB1-4220DF6010DC}.Release|iPhone.Build.0 = Release|Any CPU
		{8BA7260D-377D-49D3-AAB1-4220DF6010DC}.Release|iPhone.Deploy.0 = Release|Any CPU
		{8BA7260D-377D-49D3-AAB1-4220DF6010DC}.Release|iPhoneSimulator.ActiveCfg = Release|Any CPU
		{8BA7260D-377D-49D3-AAB1-4220DF6010DC}.Release|iPhoneSimulator.Build.0 = Release|Any CPU
		{8BA7260D-377D-49D3-AAB1-4220DF6010DC}.Release|iPhoneSimulator.Deploy.0 = Release|Any CPU
		{8BA7260D-377D-49D3-AAB1-4220DF6010DC}.Release|x64.ActiveCfg = Release|Any CPU
		{8BA7260D-377D-49D3-AAB1-4220DF6010DC}.Release|x64.Build.0 = Release|Any CPU
		{8BA7260D-377D-49D3-AAB1-4220DF6010DC}.Release|x64.Deploy.0 = Release|Any CPU
		{8BA7260D-377D-49D3-AAB1-4220DF6010DC}.Release|x86.ActiveCfg = Release|Any CPU
		{8BA7260D-377D-49D3-AAB1-4220DF6010DC}.Release|x86.Build.0 = Release|Any CPU
		{8BA7260D-377D-49D3-AAB1-4220DF6010DC}.Release|x86.Deploy.0 = Release|Any CPU
		{DB28DA45-4A60-455C-8059-0241D139AAA8}.Ad-Hoc|Any CPU.ActiveCfg = Ad-Hoc|iPhone
		{DB28DA45-4A60-455C-8059-0241D139AAA8}.Ad-Hoc|Any CPU.Build.0 = Ad-Hoc|iPhone
		{DB28DA45-4A60-455C-8059-0241D139AAA8}.Ad-Hoc|Any CPU.Deploy.0 = Ad-Hoc|iPhone
		{DB28DA45-4A60-455C-8059-0241D139AAA8}.Ad-Hoc|ARM.ActiveCfg = Ad-Hoc|iPhone
		{DB28DA45-4A60-455C-8059-0241D139AAA8}.Ad-Hoc|ARM.Build.0 = Ad-Hoc|iPhone
		{DB28DA45-4A60-455C-8059-0241D139AAA8}.Ad-Hoc|ARM.Deploy.0 = Ad-Hoc|iPhone
		{DB28DA45-4A60-455C-8059-0241D139AAA8}.Ad-Hoc|iPhone.ActiveCfg = Ad-Hoc|iPhone
		{DB28DA45-4A60-455C-8059-0241D139AAA8}.Ad-Hoc|iPhone.Build.0 = Ad-Hoc|iPhone
		{DB28DA45-4A60-455C-8059-0241D139AAA8}.Ad-Hoc|iPhone.Deploy.0 = Ad-Hoc|iPhone
		{DB28DA45-4A60-455C-8059-0241D139AAA8}.Ad-Hoc|iPhoneSimulator.ActiveCfg = Ad-Hoc|iPhoneSimulator
		{DB28DA45-4A60-455C-8059-0241D139AAA8}.Ad-Hoc|iPhoneSimulator.Build.0 = Ad-Hoc|iPhoneSimulator
		{DB28DA45-4A60-455C-8059-0241D139AAA8}.Ad-Hoc|iPhoneSimulator.Deploy.0 = Ad-Hoc|iPhoneSimulator
		{DB28DA45-4A60-455C-8059-0241D139AAA8}.Ad-Hoc|x64.ActiveCfg = Ad-Hoc|iPhone
		{DB28DA45-4A60-455C-8059-0241D139AAA8}.Ad-Hoc|x64.Build.0 = Ad-Hoc|iPhone
		{DB28DA45-4A60-455C-8059-0241D139AAA8}.Ad-Hoc|x64.Deploy.0 = Ad-Hoc|iPhone
		{DB28DA45-4A60-455C-8059-0241D139AAA8}.Ad-Hoc|x86.ActiveCfg = Ad-Hoc|iPhone
		{DB28DA45-4A60-455C-8059-0241D139AAA8}.Ad-Hoc|x86.Build.0 = Ad-Hoc|iPhone
		{DB28DA45-4A60-455C-8059-0241D139AAA8}.Ad-Hoc|x86.Deploy.0 = Ad-Hoc|iPhone
		{DB28DA45-4A60-455C-8059-0241D139AAA8}.AppStore|Any CPU.ActiveCfg = AppStore|iPhone
		{DB28DA45-4A60-455C-8059-0241D139AAA8}.AppStore|Any CPU.Build.0 = AppStore|iPhone
		{DB28DA45-4A60-455C-8059-0241D139AAA8}.AppStore|Any CPU.Deploy.0 = AppStore|iPhone
		{DB28DA45-4A60-455C-8059-0241D139AAA8}.AppStore|ARM.ActiveCfg = AppStore|iPhone
		{DB28DA45-4A60-455C-8059-0241D139AAA8}.AppStore|ARM.Build.0 = AppStore|iPhone
		{DB28DA45-4A60-455C-8059-0241D139AAA8}.AppStore|ARM.Deploy.0 = AppStore|iPhone
		{DB28DA45-4A60-455C-8059-0241D139AAA8}.AppStore|iPhone.ActiveCfg = AppStore|iPhone
		{DB28DA45-4A60-455C-8059-0241D139AAA8}.AppStore|iPhone.Build.0 = AppStore|iPhone
		{DB28DA45-4A60-455C-8059-0241D139AAA8}.AppStore|iPhone.Deploy.0 = AppStore|iPhone
		{DB28DA45-4A60-455C-8059-0241D139AAA8}.AppStore|iPhoneSimulator.ActiveCfg = AppStore|iPhoneSimulator
		{DB28DA45-4A60-455C-8059-0241D139AAA8}.AppStore|iPhoneSimulator.Build.0 = AppStore|iPhoneSimulator
		{DB28DA45-4A60-455C-8059-0241D139AAA8}.AppStore|iPhoneSimulator.Deploy.0 = AppStore|iPhoneSimulator
		{DB28DA45-4A60-455C-8059-0241D139AAA8}.AppStore|x64.ActiveCfg = AppStore|iPhone
		{DB28DA45-4A60-455C-8059-0241D139AAA8}.AppStore|x64.Build.0 = AppStore|iPhone
		{DB28DA45-4A60-455C-8059-0241D139AAA8}.AppStore|x64.Deploy.0 = AppStore|iPhone
		{DB28DA45-4A60-455C-8059-0241D139AAA8}.AppStore|x86.ActiveCfg = AppStore|iPhone
		{DB28DA45-4A60-455C-8059-0241D139AAA8}.AppStore|x86.Build.0 = AppStore|iPhone
		{DB28DA45-4A60-455C-8059-0241D139AAA8}.AppStore|x86.Deploy.0 = AppStore|iPhone
		{DB28DA45-4A60-455C-8059-0241D139AAA8}.Debug|Any CPU.ActiveCfg = Debug|iPhoneSimulator
		{DB28DA45-4A60-455C-8059-0241D139AAA8}.Debug|Any CPU.Build.0 = Debug|iPhoneSimulator
		{DB28DA45-4A60-455C-8059-0241D139AAA8}.Debug|Any CPU.Deploy.0 = Debug|iPhoneSimulator
		{DB28DA45-4A60-455C-8059-0241D139AAA8}.Debug|ARM.ActiveCfg = Debug|iPhone
		{DB28DA45-4A60-455C-8059-0241D139AAA8}.Debug|ARM.Build.0 = Debug|iPhone
		{DB28DA45-4A60-455C-8059-0241D139AAA8}.Debug|ARM.Deploy.0 = Debug|iPhone
		{DB28DA45-4A60-455C-8059-0241D139AAA8}.Debug|iPhone.ActiveCfg = Debug|iPhone
		{DB28DA45-4A60-455C-8059-0241D139AAA8}.Debug|iPhone.Build.0 = Debug|iPhone
		{DB28DA45-4A60-455C-8059-0241D139AAA8}.Debug|iPhone.Deploy.0 = Debug|iPhone
		{DB28DA45-4A60-455C-8059-0241D139AAA8}.Debug|iPhoneSimulator.ActiveCfg = Debug|iPhoneSimulator
		{DB28DA45-4A60-455C-8059-0241D139AAA8}.Debug|iPhoneSimulator.Build.0 = Debug|iPhoneSimulator
		{DB28DA45-4A60-455C-8059-0241D139AAA8}.Debug|iPhoneSimulator.Deploy.0 = Debug|iPhoneSimulator
		{DB28DA45-4A60-455C-8059-0241D139AAA8}.Debug|x64.ActiveCfg = Debug|iPhone
		{DB28DA45-4A60-455C-8059-0241D139AAA8}.Debug|x64.Build.0 = Debug|iPhone
		{DB28DA45-4A60-455C-8059-0241D139AAA8}.Debug|x64.Deploy.0 = Debug|iPhone
		{DB28DA45-4A60-455C-8059-0241D139AAA8}.Debug|x86.ActiveCfg = Debug|iPhone
		{DB28DA45-4A60-455C-8059-0241D139AAA8}.Debug|x86.Build.0 = Debug|iPhone
		{DB28DA45-4A60-455C-8059-0241D139AAA8}.Debug|x86.Deploy.0 = Debug|iPhone
		{DB28DA45-4A60-455C-8059-0241D139AAA8}.Release|Any CPU.ActiveCfg = Release|iPhone
		{DB28DA45-4A60-455C-8059-0241D139AAA8}.Release|Any CPU.Build.0 = Release|iPhone
		{DB28DA45-4A60-455C-8059-0241D139AAA8}.Release|Any CPU.Deploy.0 = Release|iPhone
		{DB28DA45-4A60-455C-8059-0241D139AAA8}.Release|ARM.ActiveCfg = Release|iPhone
		{DB28DA45-4A60-455C-8059-0241D139AAA8}.Release|ARM.Build.0 = Release|iPhone
		{DB28DA45-4A60-455C-8059-0241D139AAA8}.Release|ARM.Deploy.0 = Release|iPhone
		{DB28DA45-4A60-455C-8059-0241D139AAA8}.Release|iPhone.ActiveCfg = Release|iPhone
		{DB28DA45-4A60-455C-8059-0241D139AAA8}.Release|iPhone.Build.0 = Release|iPhone
		{DB28DA45-4A60-455C-8059-0241D139AAA8}.Release|iPhone.Deploy.0 = Release|iPhone
		{DB28DA45-4A60-455C-8059-0241D139AAA8}.Release|iPhoneSimulator.ActiveCfg = Release|iPhoneSimulator
		{DB28DA45-4A60-455C-8059-0241D139AAA8}.Release|iPhoneSimulator.Build.0 = Release|iPhoneSimulator
		{DB28DA45-4A60-455C-8059-0241D139AAA8}.Release|iPhoneSimulator.Deploy.0 = Release|iPhoneSimulator
		{DB28DA45-4A60-455C-8059-0241D139AAA8}.Release|x64.ActiveCfg = Release|iPhone
		{DB28DA45-4A60-455C-8059-0241D139AAA8}.Release|x64.Build.0 = Release|iPhone
		{DB28DA45-4A60-455C-8059-0241D139AAA8}.Release|x64.Deploy.0 = Release|iPhone
		{DB28DA45-4A60-455C-8059-0241D139AAA8}.Release|x86.ActiveCfg = Release|iPhone
		{DB28DA45-4A60-455C-8059-0241D139AAA8}.Release|x86.Build.0 = Release|iPhone
		{DB28DA45-4A60-455C-8059-0241D139AAA8}.Release|x86.Deploy.0 = Release|iPhone
		{8C8E05D3-A463-43CF-9428-F91DCFF9CEE6}.Ad-Hoc|Any CPU.ActiveCfg = Release|x86
		{8C8E05D3-A463-43CF-9428-F91DCFF9CEE6}.Ad-Hoc|Any CPU.Build.0 = Release|x86
		{8C8E05D3-A463-43CF-9428-F91DCFF9CEE6}.Ad-Hoc|Any CPU.Deploy.0 = Release|x86
		{8C8E05D3-A463-43CF-9428-F91DCFF9CEE6}.Ad-Hoc|ARM.ActiveCfg = Release|ARM
		{8C8E05D3-A463-43CF-9428-F91DCFF9CEE6}.Ad-Hoc|ARM.Build.0 = Release|ARM
		{8C8E05D3-A463-43CF-9428-F91DCFF9CEE6}.Ad-Hoc|ARM.Deploy.0 = Release|ARM
		{8C8E05D3-A463-43CF-9428-F91DCFF9CEE6}.Ad-Hoc|iPhone.ActiveCfg = Release|x86
		{8C8E05D3-A463-43CF-9428-F91DCFF9CEE6}.Ad-Hoc|iPhone.Build.0 = Release|x86
		{8C8E05D3-A463-43CF-9428-F91DCFF9CEE6}.Ad-Hoc|iPhone.Deploy.0 = Release|x86
		{8C8E05D3-A463-43CF-9428-F91DCFF9CEE6}.Ad-Hoc|iPhoneSimulator.ActiveCfg = Release|x86
		{8C8E05D3-A463-43CF-9428-F91DCFF9CEE6}.Ad-Hoc|iPhoneSimulator.Build.0 = Release|x86
		{8C8E05D3-A463-43CF-9428-F91DCFF9CEE6}.Ad-Hoc|iPhoneSimulator.Deploy.0 = Release|x86
		{8C8E05D3-A463-43CF-9428-F91DCFF9CEE6}.Ad-Hoc|x64.ActiveCfg = Release|x64
		{8C8E05D3-A463-43CF-9428-F91DCFF9CEE6}.Ad-Hoc|x64.Build.0 = Release|x64
		{8C8E05D3-A463-43CF-9428-F91DCFF9CEE6}.Ad-Hoc|x64.Deploy.0 = Release|x64
		{8C8E05D3-A463-43CF-9428-F91DCFF9CEE6}.Ad-Hoc|x86.ActiveCfg = Release|x86
		{8C8E05D3-A463-43CF-9428-F91DCFF9CEE6}.Ad-Hoc|x86.Build.0 = Release|x86
		{8C8E05D3-A463-43CF-9428-F91DCFF9CEE6}.Ad-Hoc|x86.Deploy.0 = Release|x86
		{8C8E05D3-A463-43CF-9428-F91DCFF9CEE6}.AppStore|Any CPU.ActiveCfg = Release|x86
		{8C8E05D3-A463-43CF-9428-F91DCFF9CEE6}.AppStore|Any CPU.Build.0 = Release|x86
		{8C8E05D3-A463-43CF-9428-F91DCFF9CEE6}.AppStore|Any CPU.Deploy.0 = Release|x86
		{8C8E05D3-A463-43CF-9428-F91DCFF9CEE6}.AppStore|ARM.ActiveCfg = Release|ARM
		{8C8E05D3-A463-43CF-9428-F91DCFF9CEE6}.AppStore|ARM.Build.0 = Release|ARM
		{8C8E05D3-A463-43CF-9428-F91DCFF9CEE6}.AppStore|ARM.Deploy.0 = Release|ARM
		{8C8E05D3-A463-43CF-9428-F91DCFF9CEE6}.AppStore|iPhone.ActiveCfg = Release|x86
		{8C8E05D3-A463-43CF-9428-F91DCFF9CEE6}.AppStore|iPhone.Build.0 = Release|x86
		{8C8E05D3-A463-43CF-9428-F91DCFF9CEE6}.AppStore|iPhone.Deploy.0 = Release|x86
		{8C8E05D3-A463-43CF-9428-F91DCFF9CEE6}.AppStore|iPhoneSimulator.ActiveCfg = Release|x86
		{8C8E05D3-A463-43CF-9428-F91DCFF9CEE6}.AppStore|iPhoneSimulator.Build.0 = Release|x86
		{8C8E05D3-A463-43CF-9428-F91DCFF9CEE6}.AppStore|iPhoneSimulator.Deploy.0 = Release|x86
		{8C8E05D3-A463-43CF-9428-F91DCFF9CEE6}.AppStore|x64.ActiveCfg = Release|x64
		{8C8E05D3-A463-43CF-9428-F91DCFF9CEE6}.AppStore|x64.Build.0 = Release|x64
		{8C8E05D3-A463-43CF-9428-F91DCFF9CEE6}.AppStore|x64.Deploy.0 = Release|x64
		{8C8E05D3-A463-43CF-9428-F91DCFF9CEE6}.AppStore|x86.ActiveCfg = Release|x86
		{8C8E05D3-A463-43CF-9428-F91DCFF9CEE6}.AppStore|x86.Build.0 = Release|x86
		{8C8E05D3-A463-43CF-9428-F91DCFF9CEE6}.AppStore|x86.Deploy.0 = Release|x86
		{8C8E05D3-A463-43CF-9428-F91DCFF9CEE6}.Debug|Any CPU.ActiveCfg = Debug|x86
		{8C8E05D3-A463-43CF-9428-F91DCFF9CEE6}.Debug|Any CPU.Build.0 = Debug|x86
		{8C8E05D3-A463-43CF-9428-F91DCFF9CEE6}.Debug|Any CPU.Deploy.0 = Debug|x86
		{8C8E05D3-A463-43CF-9428-F91DCFF9CEE6}.Debug|ARM.ActiveCfg = Debug|ARM
		{8C8E05D3-A463-43CF-9428-F91DCFF9CEE6}.Debug|ARM.Build.0 = Debug|ARM
		{8C8E05D3-A463-43CF-9428-F91DCFF9CEE6}.Debug|ARM.Deploy.0 = Debug|ARM
		{8C8E05D3-A463-43CF-9428-F91DCFF9CEE6}.Debug|iPhone.ActiveCfg = Debug|x86
		{8C8E05D3-A463-43CF-9428-F91DCFF9CEE6}.Debug|iPhone.Build.0 = Debug|x86
		{8C8E05D3-A463-43CF-9428-F91DCFF9CEE6}.Debug|iPhone.Deploy.0 = Debug|x86
		{8C8E05D3-A463-43CF-9428-F91DCFF9CEE6}.Debug|iPhoneSimulator.ActiveCfg = Debug|x86
		{8C8E05D3-A463-43CF-9428-F91DCFF9CEE6}.Debug|iPhoneSimulator.Build.0 = Debug|x86
		{8C8E05D3-A463-43CF-9428-F91DCFF9CEE6}.Debug|iPhoneSimulator.Deploy.0 = Debug|x86
		{8C8E05D3-A463-43CF-9428-F91DCFF9CEE6}.Debug|x64.ActiveCfg = Debug|x64
		{8C8E05D3-A463-43CF-9428-F91DCFF9CEE6}.Debug|x64.Build.0 = Debug|x64
		{8C8E05D3-A463-43CF-9428-F91DCFF9CEE6}.Debug|x64.Deploy.0 = Debug|x64
		{8C8E05D3-A463-43CF-9428-F91DCFF9CEE6}.Debug|x86.ActiveCfg = Debug|x86
		{8C8E05D3-A463-43CF-9428-F91DCFF9CEE6}.Debug|x86.Build.0 = Debug|x86
		{8C8E05D3-A463-43CF-9428-F91DCFF9CEE6}.Debug|x86.Deploy.0 = Debug|x86
		{8C8E05D3-A463-43CF-9428-F91DCFF9CEE6}.Release|Any CPU.ActiveCfg = Release|x86
		{8C8E05D3-A463-43CF-9428-F91DCFF9CEE6}.Release|Any CPU.Build.0 = Release|x86
		{8C8E05D3-A463-43CF-9428-F91DCFF9CEE6}.Release|Any CPU.Deploy.0 = Release|x86
		{8C8E05D3-A463-43CF-9428-F91DCFF9CEE6}.Release|ARM.ActiveCfg = Release|ARM
		{8C8E05D3-A463-43CF-9428-F91DCFF9CEE6}.Release|ARM.Build.0 = Release|ARM
		{8C8E05D3-A463-43CF-9428-F91DCFF9CEE6}.Release|ARM.Deploy.0 = Release|ARM
		{8C8E05D3-A463-43CF-9428-F91DCFF9CEE6}.Release|iPhone.ActiveCfg = Release|x86
		{8C8E05D3-A463-43CF-9428-F91DCFF9CEE6}.Release|iPhone.Build.0 = Release|x86
		{8C8E05D3-A463-43CF-9428-F91DCFF9CEE6}.Release|iPhone.Deploy.0 = Release|x86
		{8C8E05D3-A463-43CF-9428-F91DCFF9CEE6}.Release|iPhoneSimulator.ActiveCfg = Release|x86
		{8C8E05D3-A463-43CF-9428-F91DCFF9CEE6}.Release|iPhoneSimulator.Build.0 = Release|x86
		{8C8E05D3-A463-43CF-9428-F91DCFF9CEE6}.Release|iPhoneSimulator.Deploy.0 = Release|x86
		{8C8E05D3-A463-43CF-9428-F91DCFF9CEE6}.Release|x64.ActiveCfg = Release|x64
		{8C8E05D3-A463-43CF-9428-F91DCFF9CEE6}.Release|x64.Build.0 = Release|x64
		{8C8E05D3-A463-43CF-9428-F91DCFF9CEE6}.Release|x64.Deploy.0 = Release|x64
		{8C8E05D3-A463-43CF-9428-F91DCFF9CEE6}.Release|x86.ActiveCfg = Release|x86
		{8C8E05D3-A463-43CF-9428-F91DCFF9CEE6}.Release|x86.Build.0 = Release|x86
		{8C8E05D3-A463-43CF-9428-F91DCFF9CEE6}.Release|x86.Deploy.0 = Release|x86
		{B78A2556-69CD-4D56-85A8-C3696402816B}.Ad-Hoc|Any CPU.ActiveCfg = Debug|Any CPU
		{B78A2556-69CD-4D56-85A8-C3696402816B}.Ad-Hoc|Any CPU.Build.0 = Debug|Any CPU
		{B78A2556-69CD-4D56-85A8-C3696402816B}.Ad-Hoc|Any CPU.Deploy.0 = Debug|Any CPU
		{B78A2556-69CD-4D56-85A8-C3696402816B}.Ad-Hoc|ARM.ActiveCfg = Debug|Any CPU
		{B78A2556-69CD-4D56-85A8-C3696402816B}.Ad-Hoc|ARM.Build.0 = Debug|Any CPU
		{B78A2556-69CD-4D56-85A8-C3696402816B}.Ad-Hoc|ARM.Deploy.0 = Debug|Any CPU
		{B78A2556-69CD-4D56-85A8-C3696402816B}.Ad-Hoc|iPhone.ActiveCfg = Debug|Any CPU
		{B78A2556-69CD-4D56-85A8-C3696402816B}.Ad-Hoc|iPhone.Build.0 = Debug|Any CPU
		{B78A2556-69CD-4D56-85A8-C3696402816B}.Ad-Hoc|iPhone.Deploy.0 = Debug|Any CPU
		{B78A2556-69CD-4D56-85A8-C3696402816B}.Ad-Hoc|iPhoneSimulator.ActiveCfg = Debug|Any CPU
		{B78A2556-69CD-4D56-85A8-C3696402816B}.Ad-Hoc|iPhoneSimulator.Build.0 = Debug|Any CPU
		{B78A2556-69CD-4D56-85A8-C3696402816B}.Ad-Hoc|iPhoneSimulator.Deploy.0 = Debug|Any CPU
		{B78A2556-69CD-4D56-85A8-C3696402816B}.Ad-Hoc|x64.ActiveCfg = Debug|Any CPU
		{B78A2556-69CD-4D56-85A8-C3696402816B}.Ad-Hoc|x64.Build.0 = Debug|Any CPU
		{B78A2556-69CD-4D56-85A8-C3696402816B}.Ad-Hoc|x64.Deploy.0 = Debug|Any CPU
		{B78A2556-69CD-4D56-85A8-C3696402816B}.Ad-Hoc|x86.ActiveCfg = Debug|Any CPU
		{B78A2556-69CD-4D56-85A8-C3696402816B}.Ad-Hoc|x86.Build.0 = Debug|Any CPU
		{B78A2556-69CD-4D56-85A8-C3696402816B}.Ad-Hoc|x86.Deploy.0 = Debug|Any CPU
		{B78A2556-69CD-4D56-85A8-C3696402816B}.AppStore|Any CPU.ActiveCfg = Debug|Any CPU
		{B78A2556-69CD-4D56-85A8-C3696402816B}.AppStore|Any CPU.Build.0 = Debug|Any CPU
		{B78A2556-69CD-4D56-85A8-C3696402816B}.AppStore|Any CPU.Deploy.0 = Debug|Any CPU
		{B78A2556-69CD-4D56-85A8-C3696402816B}.AppStore|ARM.ActiveCfg = Debug|Any CPU
		{B78A2556-69CD-4D56-85A8-C3696402816B}.AppStore|ARM.Build.0 = Debug|Any CPU
		{B78A2556-69CD-4D56-85A8-C3696402816B}.AppStore|ARM.Deploy.0 = Debug|Any CPU
		{B78A2556-69CD-4D56-85A8-C3696402816B}.AppStore|iPhone.ActiveCfg = Debug|Any CPU
		{B78A2556-69CD-4D56-85A8-C3696402816B}.AppStore|iPhone.Build.0 = Debug|Any CPU
		{B78A2556-69CD-4D56-85A8-C3696402816B}.AppStore|iPhone.Deploy.0 = Debug|Any CPU
		{B78A2556-69CD-4D56-85A8-C3696402816B}.AppStore|iPhoneSimulator.ActiveCfg = Debug|Any CPU
		{B78A2556-69CD-4D56-85A8-C3696402816B}.AppStore|iPhoneSimulator.Build.0 = Debug|Any CPU
		{B78A2556-69CD-4D56-85A8-C3696402816B}.AppStore|iPhoneSimulator.Deploy.0 = Debug|Any CPU
		{B78A2556-69CD-4D56-85A8-C3696402816B}.AppStore|x64.ActiveCfg = Debug|Any CPU
		{B78A2556-69CD-4D56-85A8-C3696402816B}.AppStore|x64.Build.0 = Debug|Any CPU
		{B78A2556-69CD-4D56-85A8-C3696402816B}.AppStore|x64.Deploy.0 = Debug|Any CPU
		{B78A2556-69CD-4D56-85A8-C3696402816B}.AppStore|x86.ActiveCfg = Debug|Any CPU
		{B78A2556-69CD-4D56-85A8-C3696402816B}.AppStore|x86.Build.0 = Debug|Any CPU
		{B78A2556-69CD-4D56-85A8-C3696402816B}.AppStore|x86.Deploy.0 = Debug|Any CPU
		{B78A2556-69CD-4D56-85A8-C3696402816B}.Debug|Any CPU.ActiveCfg = Debug|Any CPU
		{B78A2556-69CD-4D56-85A8-C3696402816B}.Debug|Any CPU.Build.0 = Debug|Any CPU
		{B78A2556-69CD-4D56-85A8-C3696402816B}.Debug|Any CPU.Deploy.0 = Debug|Any CPU
		{B78A2556-69CD-4D56-85A8-C3696402816B}.Debug|ARM.ActiveCfg = Debug|Any CPU
		{B78A2556-69CD-4D56-85A8-C3696402816B}.Debug|ARM.Build.0 = Debug|Any CPU
		{B78A2556-69CD-4D56-85A8-C3696402816B}.Debug|ARM.Deploy.0 = Debug|Any CPU
		{B78A2556-69CD-4D56-85A8-C3696402816B}.Debug|iPhone.ActiveCfg = Debug|Any CPU
		{B78A2556-69CD-4D56-85A8-C3696402816B}.Debug|iPhone.Build.0 = Debug|Any CPU
		{B78A2556-69CD-4D56-85A8-C3696402816B}.Debug|iPhone.Deploy.0 = Debug|Any CPU
		{B78A2556-69CD-4D56-85A8-C3696402816B}.Debug|iPhoneSimulator.ActiveCfg = Debug|Any CPU
		{B78A2556-69CD-4D56-85A8-C3696402816B}.Debug|iPhoneSimulator.Build.0 = Debug|Any CPU
		{B78A2556-69CD-4D56-85A8-C3696402816B}.Debug|iPhoneSimulator.Deploy.0 = Debug|Any CPU
		{B78A2556-69CD-4D56-85A8-C3696402816B}.Debug|x64.ActiveCfg = Debug|Any CPU
		{B78A2556-69CD-4D56-85A8-C3696402816B}.Debug|x64.Build.0 = Debug|Any CPU
		{B78A2556-69CD-4D56-85A8-C3696402816B}.Debug|x64.Deploy.0 = Debug|Any CPU
		{B78A2556-69CD-4D56-85A8-C3696402816B}.Debug|x86.ActiveCfg = Debug|Any CPU
		{B78A2556-69CD-4D56-85A8-C3696402816B}.Debug|x86.Build.0 = Debug|Any CPU
		{B78A2556-69CD-4D56-85A8-C3696402816B}.Debug|x86.Deploy.0 = Debug|Any CPU
		{B78A2556-69CD-4D56-85A8-C3696402816B}.Release|Any CPU.ActiveCfg = Release|Any CPU
		{B78A2556-69CD-4D56-85A8-C3696402816B}.Release|Any CPU.Build.0 = Release|Any CPU
		{B78A2556-69CD-4D56-85A8-C3696402816B}.Release|Any CPU.Deploy.0 = Release|Any CPU
		{B78A2556-69CD-4D56-85A8-C3696402816B}.Release|ARM.ActiveCfg = Release|Any CPU
		{B78A2556-69CD-4D56-85A8-C3696402816B}.Release|ARM.Build.0 = Release|Any CPU
		{B78A2556-69CD-4D56-85A8-C3696402816B}.Release|ARM.Deploy.0 = Release|Any CPU
		{B78A2556-69CD-4D56-85A8-C3696402816B}.Release|iPhone.ActiveCfg = Release|Any CPU
		{B78A2556-69CD-4D56-85A8-C3696402816B}.Release|iPhone.Build.0 = Release|Any CPU
		{B78A2556-69CD-4D56-85A8-C3696402816B}.Release|iPhone.Deploy.0 = Release|Any CPU
		{B78A2556-69CD-4D56-85A8-C3696402816B}.Release|iPhoneSimulator.ActiveCfg = Release|Any CPU
		{B78A2556-69CD-4D56-85A8-C3696402816B}.Release|iPhoneSimulator.Build.0 = Release|Any CPU
		{B78A2556-69CD-4D56-85A8-C3696402816B}.Release|iPhoneSimulator.Deploy.0 = Release|Any CPU
		{B78A2556-69CD-4D56-85A8-C3696402816B}.Release|x64.ActiveCfg = Release|Any CPU
		{B78A2556-69CD-4D56-85A8-C3696402816B}.Release|x64.Build.0 = Release|Any CPU
		{B78A2556-69CD-4D56-85A8-C3696402816B}.Release|x64.Deploy.0 = Release|Any CPU
		{B78A2556-69CD-4D56-85A8-C3696402816B}.Release|x86.ActiveCfg = Release|Any CPU
		{B78A2556-69CD-4D56-85A8-C3696402816B}.Release|x86.Build.0 = Release|Any CPU
		{B78A2556-69CD-4D56-85A8-C3696402816B}.Release|x86.Deploy.0 = Release|Any CPU
	EndGlobalSection
	GlobalSection(SolutionProperties) = preSolution
		HideSolutionNode = FALSE
	EndGlobalSection
	GlobalSection(ExtensibilityGlobals) = postSolution
		SolutionGuid = {C991D8A1-DFEC-4471-8F17-FD8B82AEB592}
	EndGlobalSection
EndGlobal
